
Microsoft Visual Studio Solution File, Format Version 12.00
# Visual Studio Version 17
VisualStudioVersion = 17.3.32929.385
MinimumVisualStudioVersion = 10.0.40219.1
Project("{FAE04EC0-301F-11D3-BF4B-00C04F79EFBC}") = "Övning 5 - Garage 1.0", "Övning 5 - Garage 1.0\Övning 5 - Garage 1.0.csproj", "{2158F2B1-279A-461C-9027-47B50C82C919}"
EndProject
Global
	GlobalSection(SolutionConfigurationPlatforms) = preSolution
		Debug|Any CPU = Debug|Any CPU
		Release|Any CPU = Release|Any CPU
	EndGlobalSection
	GlobalSection(ProjectConfigurationPlatforms) = postSolution
		{2158F2B1-279A-461C-9027-47B50C82C919}.Debug|Any CPU.ActiveCfg = Debug|Any CPU
		{2158F2B1-279A-461C-9027-47B50C82C919}.Debug|Any CPU.Build.0 = Debug|Any CPU
		{2158F2B1-279A-461C-9027-47B50C82C919}.Release|Any CPU.ActiveCfg = Release|Any CPU
		{2158F2B1-279A-461C-9027-47B50C82C919}.Release|Any CPU.Build.0 = Release|Any CPU
	EndGlobalSection
	GlobalSection(SolutionProperties) = preSolution
		HideSolutionNode = FALSE
	EndGlobalSection
	GlobalSection(ExtensibilityGlobals) = postSolution
		SolutionGuid = {3C23FE40-0CCF-4CB4-9BAE-38DB0CA831C1}
	EndGlobalSection
EndGlobal
